
Microsoft Visual Studio Solution File, Format Version 12.00
# Visual Studio Version 17
VisualStudioVersion = 17.12.35527.113
MinimumVisualStudioVersion = 10.0.40219.1
Project("{FAE04EC0-301F-11D3-BF4B-00C04F79EFBC}") = "LlmFrontend", "LlmFrontend\LlmFrontend.csproj", "{F263E072-3ED2-4120-9290-1EFFD057E764}"
EndProject
Project("{FAE04EC0-301F-11D3-BF4B-00C04F79EFBC}") = "LlmBackend", "LllmBackend\LlmBackend.csproj", "{9C130DE4-0CCB-470E-AA31-F7E55A8FBE82}"
EndProject
Project("{FAE04EC0-301F-11D3-BF4B-00C04F79EFBC}") = "LlmChat", "LllmChat\LlmChat.csproj", "{FC61AB4F-A058-47AC-B534-7A0AF5F099E0}"
EndProject
Project("{FAE04EC0-301F-11D3-BF4B-00C04F79EFBC}") = "LlmCommon", "LlmCommon\LlmCommon.csproj", "{3508AD49-0D18-4B52-A00B-376C38C8DC8E}"
EndProject
Project("{FAE04EC0-301F-11D3-BF4B-00C04F79EFBC}") = "Crawler", "Crawler\Crawler.csproj", "{94FF8CD5-67CF-4C4D-A4FF-D29EDCCB8854}"
EndProject
Project("{FAE04EC0-301F-11D3-BF4B-00C04F79EFBC}") = "DatasetGenerator", "DatasetGenerator\DatasetGenerator.csproj", "{C0923F1E-48B2-4B23-AB00-9B5BE12095C0}"
EndProject
Project("{FAE04EC0-301F-11D3-BF4B-00C04F79EFBC}") = "LllmTelegramBot", "LllmTelegramBot\LllmTelegramBot.csproj", "{AF47AA9F-5C4B-4F03-ACF9-A42E97ED0D7F}"
EndProject
Global
	GlobalSection(SolutionConfigurationPlatforms) = preSolution
		Debug|Any CPU = Debug|Any CPU
		Release|Any CPU = Release|Any CPU
	EndGlobalSection
	GlobalSection(ProjectConfigurationPlatforms) = postSolution
		{F263E072-3ED2-4120-9290-1EFFD057E764}.Debug|Any CPU.ActiveCfg = Debug|Any CPU
		{F263E072-3ED2-4120-9290-1EFFD057E764}.Debug|Any CPU.Build.0 = Debug|Any CPU
		{F263E072-3ED2-4120-9290-1EFFD057E764}.Release|Any CPU.ActiveCfg = Release|Any CPU
		{F263E072-3ED2-4120-9290-1EFFD057E764}.Release|Any CPU.Build.0 = Release|Any CPU
		{9C130DE4-0CCB-470E-AA31-F7E55A8FBE82}.Debug|Any CPU.ActiveCfg = Debug|Any CPU
		{9C130DE4-0CCB-470E-AA31-F7E55A8FBE82}.Debug|Any CPU.Build.0 = Debug|Any CPU
		{9C130DE4-0CCB-470E-AA31-F7E55A8FBE82}.Release|Any CPU.ActiveCfg = Release|Any CPU
		{9C130DE4-0CCB-470E-AA31-F7E55A8FBE82}.Release|Any CPU.Build.0 = Release|Any CPU
		{FC61AB4F-A058-47AC-B534-7A0AF5F099E0}.Debug|Any CPU.ActiveCfg = Debug|Any CPU
		{FC61AB4F-A058-47AC-B534-7A0AF5F099E0}.Debug|Any CPU.Build.0 = Debug|Any CPU
		{FC61AB4F-A058-47AC-B534-7A0AF5F099E0}.Release|Any CPU.ActiveCfg = Release|Any CPU
		{FC61AB4F-A058-47AC-B534-7A0AF5F099E0}.Release|Any CPU.Build.0 = Release|Any CPU
		{3508AD49-0D18-4B52-A00B-376C38C8DC8E}.Debug|Any CPU.ActiveCfg = Debug|Any CPU
		{3508AD49-0D18-4B52-A00B-376C38C8DC8E}.Debug|Any CPU.Build.0 = Debug|Any CPU
		{3508AD49-0D18-4B52-A00B-376C38C8DC8E}.Release|Any CPU.ActiveCfg = Release|Any CPU
		{3508AD49-0D18-4B52-A00B-376C38C8DC8E}.Release|Any CPU.Build.0 = Release|Any CPU
		{94FF8CD5-67CF-4C4D-A4FF-D29EDCCB8854}.Debug|Any CPU.ActiveCfg = Debug|Any CPU
		{94FF8CD5-67CF-4C4D-A4FF-D29EDCCB8854}.Debug|Any CPU.Build.0 = Debug|Any CPU
		{94FF8CD5-67CF-4C4D-A4FF-D29EDCCB8854}.Release|Any CPU.ActiveCfg = Release|Any CPU
		{94FF8CD5-67CF-4C4D-A4FF-D29EDCCB8854}.Release|Any CPU.Build.0 = Release|Any CPU
		{C0923F1E-48B2-4B23-AB00-9B5BE12095C0}.Debug|Any CPU.ActiveCfg = Debug|Any CPU
		{C0923F1E-48B2-4B23-AB00-9B5BE12095C0}.Debug|Any CPU.Build.0 = Debug|Any CPU
		{C0923F1E-48B2-4B23-AB00-9B5BE12095C0}.Release|Any CPU.ActiveCfg = Release|Any CPU
		{C0923F1E-48B2-4B23-AB00-9B5BE12095C0}.Release|Any CPU.Build.0 = Release|Any CPU
		{AF47AA9F-5C4B-4F03-ACF9-A42E97ED0D7F}.Debug|Any CPU.ActiveCfg = Debug|Any CPU
		{AF47AA9F-5C4B-4F03-ACF9-A42E97ED0D7F}.Debug|Any CPU.Build.0 = Debug|Any CPU
		{AF47AA9F-5C4B-4F03-ACF9-A42E97ED0D7F}.Release|Any CPU.ActiveCfg = Release|Any CPU
		{AF47AA9F-5C4B-4F03-ACF9-A42E97ED0D7F}.Release|Any CPU.Build.0 = Release|Any CPU
	EndGlobalSection
	GlobalSection(SolutionProperties) = preSolution
		HideSolutionNode = FALSE
	EndGlobalSection
EndGlobal
