
Microsoft Visual Studio Solution File, Format Version 12.00
# Visual Studio Version 17
VisualStudioVersion = 17.12.35527.113 d17.12
MinimumVisualStudioVersion = 10.0.40219.1
Project("{FAE04EC0-301F-11D3-BF4B-00C04F79EFBC}") = "LlmFrontend", "LlmFrontend\LlmFrontend.csproj", "{F263E072-3ED2-4120-9290-1EFFD057E764}"
EndProject
Project("{FAE04EC0-301F-11D3-BF4B-00C04F79EFBC}") = "LllmBackend", "LllmBackend\LllmBackend.csproj", "{9C130DE4-0CCB-470E-AA31-F7E55A8FBE82}"
EndProject
Global
	GlobalSection(SolutionConfigurationPlatforms) = preSolution
		Debug|Any CPU = Debug|Any CPU
		Release|Any CPU = Release|Any CPU
	EndGlobalSection
	GlobalSection(ProjectConfigurationPlatforms) = postSolution
		{F263E072-3ED2-4120-9290-1EFFD057E764}.Debug|Any CPU.ActiveCfg = Debug|Any CPU
		{F263E072-3ED2-4120-9290-1EFFD057E764}.Debug|Any CPU.Build.0 = Debug|Any CPU
		{F263E072-3ED2-4120-9290-1EFFD057E764}.Release|Any CPU.ActiveCfg = Release|Any CPU
		{F263E072-3ED2-4120-9290-1EFFD057E764}.Release|Any CPU.Build.0 = Release|Any CPU
		{9C130DE4-0CCB-470E-AA31-F7E55A8FBE82}.Debug|Any CPU.ActiveCfg = Debug|Any CPU
		{9C130DE4-0CCB-470E-AA31-F7E55A8FBE82}.Debug|Any CPU.Build.0 = Debug|Any CPU
		{9C130DE4-0CCB-470E-AA31-F7E55A8FBE82}.Release|Any CPU.ActiveCfg = Release|Any CPU
		{9C130DE4-0CCB-470E-AA31-F7E55A8FBE82}.Release|Any CPU.Build.0 = Release|Any CPU
	EndGlobalSection
	GlobalSection(SolutionProperties) = preSolution
		HideSolutionNode = FALSE
	EndGlobalSection
EndGlobal
