Microsoft Visual Studio Solution File, Format Version 12.00
# Visual Studio Version 17
VisualStudioVersion = 17.5.2.0
MinimumVisualStudioVersion = 10.0.40219.1
Project("{2150E333-8FDC-42A3-9474-1A3956D46DE8}") = "src", "src", "{827E0CD3-B72D-47B6-A68D-7590B98EB39B}"
EndProject
Project("{2150E333-8FDC-42A3-9474-1A3956D46DE8}") = "Llm", "Llm", "{D77B611E-5BEB-1ACC-F6A6-EECB455123CA}"
EndProject
Project("{FAE04EC0-301F-11D3-BF4B-00C04F79EFBC}") = "Crawler", "src\Llm\Crawler\Crawler.csproj", "{46015EAF-DF95-E4F8-8064-AA76E092A2DD}"
EndProject
Project("{FAE04EC0-301F-11D3-BF4B-00C04F79EFBC}") = "DatasetGenerator", "src\Llm\DatasetGenerator\DatasetGenerator.csproj", "{F65E599A-27BC-39D0-043B-0C8F151A0C10}"
EndProject
Project("{FAE04EC0-301F-11D3-BF4B-00C04F79EFBC}") = "LlmBackend", "src\Llm\LlmBackend\LlmBackend.csproj", "{9632FBDC-86A9-CCC2-F516-A01A8EA89C73}"
EndProject
Project("{FAE04EC0-301F-11D3-BF4B-00C04F79EFBC}") = "LlmChat", "src\Llm\LlmChat\LlmChat.csproj", "{821F8131-066D-2745-826D-8DB38D80BBD8}"
EndProject
Project("{FAE04EC0-301F-11D3-BF4B-00C04F79EFBC}") = "LlmCommon", "src\Llm\LlmCommon\LlmCommon.csproj", "{EC24FB6A-DE59-EC21-5967-2E11FA90079D}"
EndProject
Project("{FAE04EC0-301F-11D3-BF4B-00C04F79EFBC}") = "LlmFrontend", "src\Llm\LlmFrontend\LlmFrontend.csproj", "{4A9A89F7-65FB-9C8A-F621-A4D4C5EB6D45}"
EndProject
Project("{FAE04EC0-301F-11D3-BF4B-00C04F79EFBC}") = "LlmTelegramBot", "src\Llm\LlmTelegramBot\LlmTelegramBot.csproj", "{BEA2E8D7-B56B-6ACE-159F-014DF87ABE84}"
EndProject
Global
	GlobalSection(SolutionConfigurationPlatforms) = preSolution
		Debug|Any CPU = Debug|Any CPU
		Release|Any CPU = Release|Any CPU
	EndGlobalSection
	GlobalSection(ProjectConfigurationPlatforms) = postSolution
		{46015EAF-DF95-E4F8-8064-AA76E092A2DD}.Debug|Any CPU.ActiveCfg = Debug|Any CPU
		{46015EAF-DF95-E4F8-8064-AA76E092A2DD}.Debug|Any CPU.Build.0 = Debug|Any CPU
		{46015EAF-DF95-E4F8-8064-AA76E092A2DD}.Release|Any CPU.ActiveCfg = Release|Any CPU
		{46015EAF-DF95-E4F8-8064-AA76E092A2DD}.Release|Any CPU.Build.0 = Release|Any CPU
		{F65E599A-27BC-39D0-043B-0C8F151A0C10}.Debug|Any CPU.ActiveCfg = Debug|Any CPU
		{F65E599A-27BC-39D0-043B-0C8F151A0C10}.Debug|Any CPU.Build.0 = Debug|Any CPU
		{F65E599A-27BC-39D0-043B-0C8F151A0C10}.Release|Any CPU.ActiveCfg = Release|Any CPU
		{F65E599A-27BC-39D0-043B-0C8F151A0C10}.Release|Any CPU.Build.0 = Release|Any CPU
		{9632FBDC-86A9-CCC2-F516-A01A8EA89C73}.Debug|Any CPU.ActiveCfg = Debug|Any CPU
		{9632FBDC-86A9-CCC2-F516-A01A8EA89C73}.Debug|Any CPU.Build.0 = Debug|Any CPU
		{9632FBDC-86A9-CCC2-F516-A01A8EA89C73}.Release|Any CPU.ActiveCfg = Release|Any CPU
		{9632FBDC-86A9-CCC2-F516-A01A8EA89C73}.Release|Any CPU.Build.0 = Release|Any CPU
		{821F8131-066D-2745-826D-8DB38D80BBD8}.Debug|Any CPU.ActiveCfg = Debug|Any CPU
		{821F8131-066D-2745-826D-8DB38D80BBD8}.Debug|Any CPU.Build.0 = Debug|Any CPU
		{821F8131-066D-2745-826D-8DB38D80BBD8}.Release|Any CPU.ActiveCfg = Release|Any CPU
		{821F8131-066D-2745-826D-8DB38D80BBD8}.Release|Any CPU.Build.0 = Release|Any CPU
		{EC24FB6A-DE59-EC21-5967-2E11FA90079D}.Debug|Any CPU.ActiveCfg = Debug|Any CPU
		{EC24FB6A-DE59-EC21-5967-2E11FA90079D}.Debug|Any CPU.Build.0 = Debug|Any CPU
		{EC24FB6A-DE59-EC21-5967-2E11FA90079D}.Release|Any CPU.ActiveCfg = Release|Any CPU
		{EC24FB6A-DE59-EC21-5967-2E11FA90079D}.Release|Any CPU.Build.0 = Release|Any CPU
		{4A9A89F7-65FB-9C8A-F621-A4D4C5EB6D45}.Debug|Any CPU.ActiveCfg = Debug|Any CPU
		{4A9A89F7-65FB-9C8A-F621-A4D4C5EB6D45}.Debug|Any CPU.Build.0 = Debug|Any CPU
		{4A9A89F7-65FB-9C8A-F621-A4D4C5EB6D45}.Release|Any CPU.ActiveCfg = Release|Any CPU
		{4A9A89F7-65FB-9C8A-F621-A4D4C5EB6D45}.Release|Any CPU.Build.0 = Release|Any CPU
		{BEA2E8D7-B56B-6ACE-159F-014DF87ABE84}.Debug|Any CPU.ActiveCfg = Debug|Any CPU
		{BEA2E8D7-B56B-6ACE-159F-014DF87ABE84}.Debug|Any CPU.Build.0 = Debug|Any CPU
		{BEA2E8D7-B56B-6ACE-159F-014DF87ABE84}.Release|Any CPU.ActiveCfg = Release|Any CPU
		{BEA2E8D7-B56B-6ACE-159F-014DF87ABE84}.Release|Any CPU.Build.0 = Release|Any CPU
	EndGlobalSection
	GlobalSection(SolutionProperties) = preSolution
		HideSolutionNode = FALSE
	EndGlobalSection
	GlobalSection(NestedProjects) = preSolution
		{D77B611E-5BEB-1ACC-F6A6-EECB455123CA} = {827E0CD3-B72D-47B6-A68D-7590B98EB39B}
		{46015EAF-DF95-E4F8-8064-AA76E092A2DD} = {D77B611E-5BEB-1ACC-F6A6-EECB455123CA}
		{F65E599A-27BC-39D0-043B-0C8F151A0C10} = {D77B611E-5BEB-1ACC-F6A6-EECB455123CA}
		{9632FBDC-86A9-CCC2-F516-A01A8EA89C73} = {D77B611E-5BEB-1ACC-F6A6-EECB455123CA}
		{821F8131-066D-2745-826D-8DB38D80BBD8} = {D77B611E-5BEB-1ACC-F6A6-EECB455123CA}
		{EC24FB6A-DE59-EC21-5967-2E11FA90079D} = {D77B611E-5BEB-1ACC-F6A6-EECB455123CA}
		{4A9A89F7-65FB-9C8A-F621-A4D4C5EB6D45} = {D77B611E-5BEB-1ACC-F6A6-EECB455123CA}
		{BEA2E8D7-B56B-6ACE-159F-014DF87ABE84} = {D77B611E-5BEB-1ACC-F6A6-EECB455123CA}
	EndGlobalSection
	GlobalSection(ExtensibilityGlobals) = postSolution
		SolutionGuid = {9CEF4A63-D676-42D0-AB68-E59F888967E5}
	EndGlobalSection
EndGlobal
