Microsoft Visual Studio Solution File, Format Version 12.00
# Visual Studio Version 17
VisualStudioVersion = 17.5.2.0
MinimumVisualStudioVersion = 10.0.40219.1
Project("{FAE04EC0-301F-11D3-BF4B-00C04F79EFBC}") = "LlmTelegramBot", "LlmTelegramBot.csproj", "{AEAA84CC-32DF-F258-B4B3-4C2567C5C771}"
EndProject
Global
	GlobalSection(SolutionConfigurationPlatforms) = preSolution
		Debug|Any CPU = Debug|Any CPU
		Release|Any CPU = Release|Any CPU
	EndGlobalSection
	GlobalSection(ProjectConfigurationPlatforms) = postSolution
		{AEAA84CC-32DF-F258-B4B3-4C2567C5C771}.Debug|Any CPU.ActiveCfg = Debug|Any CPU
		{AEAA84CC-32DF-F258-B4B3-4C2567C5C771}.Debug|Any CPU.Build.0 = Debug|Any CPU
		{AEAA84CC-32DF-F258-B4B3-4C2567C5C771}.Release|Any CPU.ActiveCfg = Release|Any CPU
		{AEAA84CC-32DF-F258-B4B3-4C2567C5C771}.Release|Any CPU.Build.0 = Release|Any CPU
	EndGlobalSection
	GlobalSection(SolutionProperties) = preSolution
		HideSolutionNode = FALSE
	EndGlobalSection
	GlobalSection(ExtensibilityGlobals) = postSolution
		SolutionGuid = {4448F7ED-9D0E-40F2-ABD5-4E845C98C884}
	EndGlobalSection
EndGlobal
